[{<<"goldrush">>,
  {git,"git://github.com/DeadZen/goldrush.git",
       {ref,"212299233c7e7eb63a97be2777e1c05ebaa58dbe"}},
  1},
 {<<"json">>,
  {git,"git://github.com/talentdeficit/json.git",
       {ref,"94d6abd350003566c53c232a0526a0f7e2c7dfb5"}},
  0},
 {<<"jsonfilter">>,
  {git,"git://github.com/talentdeficit/jsonfilter.git",
       {ref,"3e4a09467b9a22ce2c1c9f4af270d71e4ec342a7"}},
  1},
 {<<"jsonpointer">>,
  {git,"git://github.com/talentdeficit/jsonpointer.git",
       {ref,"b6942f06bdaab9f6d25f3906fe245085e70db663"}},
  1},
 {<<"jsx">>,
  {git,"git://github.com/talentdeficit/jsx.git",
       {ref,"3074d4865b3385a050badf7828ad31490d860df5"}},
  1},
 {<<"lager">>,
  {git,"git://github.com/basho/lager.git",
       {ref,"b2cb2735713e3021e0761623ff595d53a545438e"}},
  0}].
